
Microsoft Visual Studio Solution File, Format Version 12.00
# Visual Studio 2012
Project("{D954291E-2A0B-460D-934E-DC6B0785DB48}") = "NomadCode.BotFramework.Shared", "NomadCode.BotFramework.Shared\NomadCode.BotFramework.Shared.shproj", "{CC42E8BE-C9E7-4E23-BF0C-757B1950ECA1}"
EndProject
Project("{FAE04EC0-301F-11D3-BF4B-00C04F79EFBC}") = "NomadCode.BotFramework.iOS", "NomadCode.BotFramework.iOS\NomadCode.BotFramework.iOS.csproj", "{FEE592DB-086A-4F1F-BDF2-FC3F95620393}"
EndProject
Project("{FAE04EC0-301F-11D3-BF4B-00C04F79EFBC}") = "NomadCode.BotFramework.Droid", "NomadCode.BotFramework.Android\NomadCode.BotFramework.Droid.csproj", "{14C25364-C5DB-45B9-B60A-218D98E0C7FF}"
EndProject
Project("{5DD5E4FA-CB73-4610-85AB-557B54E96AA9}") = "NomadCode.BotFramework.NuGet", "NomadCode.BotFramework.NuGet\NomadCode.BotFramework.NuGet.nuproj", "{0BDC73BA-2276-4BEF-92FA-15ADF4083F62}"
EndProject
Project("{FAE04EC0-301F-11D3-BF4B-00C04F79EFBC}") = "NomadCode.BotFramework.Dev.iOS", "NomadCode.BotFramework.Dev\iOS\NomadCode.BotFramework.Dev.iOS.csproj", "{F5DACFB1-8DAC-4DE8-90DE-4B727760C2B4}"
EndProject
Project("{FAE04EC0-301F-11D3-BF4B-00C04F79EFBC}") = "NomadCode.BotFramework.Dev.Droid", "NomadCode.BotFramework.Dev\Droid\NomadCode.BotFramework.Dev.Droid.csproj", "{B7F1C52E-B665-426D-AB78-3FD26A834FF8}"
EndProject
Project("{2150E333-8FDC-42A3-9474-1A3956D46DE8}") = "Dev", "Dev", "{56808BDF-1324-41E2-8524-4C07503CA4F7}"
EndProject
Global
	GlobalSection(SolutionConfigurationPlatforms) = preSolution
		Debug|Any CPU = Debug|Any CPU
		Release|Any CPU = Release|Any CPU
		Debug|iPhoneSimulator = Debug|iPhoneSimulator
		Release|iPhone = Release|iPhone
		Release|iPhoneSimulator = Release|iPhoneSimulator
		Debug|iPhone = Debug|iPhone
	EndGlobalSection
	GlobalSection(ProjectConfigurationPlatforms) = postSolution
		{FEE592DB-086A-4F1F-BDF2-FC3F95620393}.Debug|Any CPU.ActiveCfg = Debug|Any CPU
		{FEE592DB-086A-4F1F-BDF2-FC3F95620393}.Debug|Any CPU.Build.0 = Debug|Any CPU
		{FEE592DB-086A-4F1F-BDF2-FC3F95620393}.Release|Any CPU.ActiveCfg = Release|Any CPU
		{FEE592DB-086A-4F1F-BDF2-FC3F95620393}.Release|Any CPU.Build.0 = Release|Any CPU
		{FEE592DB-086A-4F1F-BDF2-FC3F95620393}.Debug|iPhoneSimulator.ActiveCfg = Debug|Any CPU
		{FEE592DB-086A-4F1F-BDF2-FC3F95620393}.Debug|iPhoneSimulator.Build.0 = Debug|Any CPU
		{FEE592DB-086A-4F1F-BDF2-FC3F95620393}.Release|iPhone.ActiveCfg = Release|Any CPU
		{FEE592DB-086A-4F1F-BDF2-FC3F95620393}.Release|iPhone.Build.0 = Release|Any CPU
		{FEE592DB-086A-4F1F-BDF2-FC3F95620393}.Release|iPhoneSimulator.ActiveCfg = Release|Any CPU
		{FEE592DB-086A-4F1F-BDF2-FC3F95620393}.Release|iPhoneSimulator.Build.0 = Release|Any CPU
		{FEE592DB-086A-4F1F-BDF2-FC3F95620393}.Debug|iPhone.ActiveCfg = Debug|Any CPU
		{FEE592DB-086A-4F1F-BDF2-FC3F95620393}.Debug|iPhone.Build.0 = Debug|Any CPU
		{14C25364-C5DB-45B9-B60A-218D98E0C7FF}.Debug|Any CPU.ActiveCfg = Debug|Any CPU
		{14C25364-C5DB-45B9-B60A-218D98E0C7FF}.Debug|Any CPU.Build.0 = Debug|Any CPU
		{14C25364-C5DB-45B9-B60A-218D98E0C7FF}.Release|Any CPU.ActiveCfg = Release|Any CPU
		{14C25364-C5DB-45B9-B60A-218D98E0C7FF}.Release|Any CPU.Build.0 = Release|Any CPU
		{14C25364-C5DB-45B9-B60A-218D98E0C7FF}.Debug|iPhoneSimulator.ActiveCfg = Debug|Any CPU
		{14C25364-C5DB-45B9-B60A-218D98E0C7FF}.Debug|iPhoneSimulator.Build.0 = Debug|Any CPU
		{14C25364-C5DB-45B9-B60A-218D98E0C7FF}.Release|iPhone.ActiveCfg = Release|Any CPU
		{14C25364-C5DB-45B9-B60A-218D98E0C7FF}.Release|iPhone.Build.0 = Release|Any CPU
		{14C25364-C5DB-45B9-B60A-218D98E0C7FF}.Release|iPhoneSimulator.ActiveCfg = Release|Any CPU
		{14C25364-C5DB-45B9-B60A-218D98E0C7FF}.Release|iPhoneSimulator.Build.0 = Release|Any CPU
		{14C25364-C5DB-45B9-B60A-218D98E0C7FF}.Debug|iPhone.ActiveCfg = Debug|Any CPU
		{14C25364-C5DB-45B9-B60A-218D98E0C7FF}.Debug|iPhone.Build.0 = Debug|Any CPU
		{0BDC73BA-2276-4BEF-92FA-15ADF4083F62}.Debug|Any CPU.ActiveCfg = Debug|Any CPU
		{0BDC73BA-2276-4BEF-92FA-15ADF4083F62}.Debug|Any CPU.Build.0 = Debug|Any CPU
		{0BDC73BA-2276-4BEF-92FA-15ADF4083F62}.Release|Any CPU.ActiveCfg = Release|Any CPU
		{0BDC73BA-2276-4BEF-92FA-15ADF4083F62}.Release|Any CPU.Build.0 = Release|Any CPU
		{0BDC73BA-2276-4BEF-92FA-15ADF4083F62}.Debug|iPhoneSimulator.ActiveCfg = Debug|Any CPU
		{0BDC73BA-2276-4BEF-92FA-15ADF4083F62}.Debug|iPhoneSimulator.Build.0 = Debug|Any CPU
		{0BDC73BA-2276-4BEF-92FA-15ADF4083F62}.Release|iPhone.ActiveCfg = Release|Any CPU
		{0BDC73BA-2276-4BEF-92FA-15ADF4083F62}.Release|iPhone.Build.0 = Release|Any CPU
		{0BDC73BA-2276-4BEF-92FA-15ADF4083F62}.Release|iPhoneSimulator.ActiveCfg = Release|Any CPU
		{0BDC73BA-2276-4BEF-92FA-15ADF4083F62}.Release|iPhoneSimulator.Build.0 = Release|Any CPU
		{0BDC73BA-2276-4BEF-92FA-15ADF4083F62}.Debug|iPhone.ActiveCfg = Debug|Any CPU
		{0BDC73BA-2276-4BEF-92FA-15ADF4083F62}.Debug|iPhone.Build.0 = Debug|Any CPU
		{F5DACFB1-8DAC-4DE8-90DE-4B727760C2B4}.Debug|Any CPU.ActiveCfg = Debug|iPhoneSimulator
		{F5DACFB1-8DAC-4DE8-90DE-4B727760C2B4}.Debug|Any CPU.Build.0 = Debug|iPhoneSimulator
		{F5DACFB1-8DAC-4DE8-90DE-4B727760C2B4}.Release|Any CPU.ActiveCfg = Release|iPhone
		{F5DACFB1-8DAC-4DE8-90DE-4B727760C2B4}.Release|Any CPU.Build.0 = Release|iPhone
		{F5DACFB1-8DAC-4DE8-90DE-4B727760C2B4}.Debug|iPhoneSimulator.ActiveCfg = Debug|iPhoneSimulator
		{F5DACFB1-8DAC-4DE8-90DE-4B727760C2B4}.Debug|iPhoneSimulator.Build.0 = Debug|iPhoneSimulator
		{F5DACFB1-8DAC-4DE8-90DE-4B727760C2B4}.Release|iPhone.ActiveCfg = Release|iPhone
		{F5DACFB1-8DAC-4DE8-90DE-4B727760C2B4}.Release|iPhone.Build.0 = Release|iPhone
		{F5DACFB1-8DAC-4DE8-90DE-4B727760C2B4}.Release|iPhoneSimulator.ActiveCfg = Release|iPhoneSimulator
		{F5DACFB1-8DAC-4DE8-90DE-4B727760C2B4}.Release|iPhoneSimulator.Build.0 = Release|iPhoneSimulator
		{F5DACFB1-8DAC-4DE8-90DE-4B727760C2B4}.Debug|iPhone.ActiveCfg = Debug|iPhone
		{F5DACFB1-8DAC-4DE8-90DE-4B727760C2B4}.Debug|iPhone.Build.0 = Debug|iPhone
		{B7F1C52E-B665-426D-AB78-3FD26A834FF8}.Debug|Any CPU.ActiveCfg = Debug|Any CPU
		{B7F1C52E-B665-426D-AB78-3FD26A834FF8}.Debug|Any CPU.Build.0 = Debug|Any CPU
		{B7F1C52E-B665-426D-AB78-3FD26A834FF8}.Release|Any CPU.ActiveCfg = Release|Any CPU
		{B7F1C52E-B665-426D-AB78-3FD26A834FF8}.Release|Any CPU.Build.0 = Release|Any CPU
		{B7F1C52E-B665-426D-AB78-3FD26A834FF8}.Debug|iPhoneSimulator.ActiveCfg = Debug|Any CPU
		{B7F1C52E-B665-426D-AB78-3FD26A834FF8}.Debug|iPhoneSimulator.Build.0 = Debug|Any CPU
		{B7F1C52E-B665-426D-AB78-3FD26A834FF8}.Release|iPhone.ActiveCfg = Release|Any CPU
		{B7F1C52E-B665-426D-AB78-3FD26A834FF8}.Release|iPhone.Build.0 = Release|Any CPU
		{B7F1C52E-B665-426D-AB78-3FD26A834FF8}.Release|iPhoneSimulator.ActiveCfg = Release|Any CPU
		{B7F1C52E-B665-426D-AB78-3FD26A834FF8}.Release|iPhoneSimulator.Build.0 = Release|Any CPU
		{B7F1C52E-B665-426D-AB78-3FD26A834FF8}.Debug|iPhone.ActiveCfg = Debug|Any CPU
		{B7F1C52E-B665-426D-AB78-3FD26A834FF8}.Debug|iPhone.Build.0 = Debug|Any CPU
	EndGlobalSection
	GlobalSection(MonoDevelopProperties) = preSolution
		Policies = $0
		$0.TextStylePolicy = $1
		$1.inheritsSet = null
		$1.scope = text/x-csharp
		$0.CSharpFormattingPolicy = $2
		$2.scope = text/x-csharp
		$2.SpacingAfterMethodDeclarationName = True
		$2.SpaceAfterMethodCallName = True
		$2.SpaceBeforeOpenSquareBracket = True
		$0.TextStylePolicy = $3
		$3.scope = text/plain
		version = 0.5.0
	EndGlobalSection
	GlobalSection(NestedProjects) = preSolution
		{B7F1C52E-B665-426D-AB78-3FD26A834FF8} = {56808BDF-1324-41E2-8524-4C07503CA4F7}
		{F5DACFB1-8DAC-4DE8-90DE-4B727760C2B4} = {56808BDF-1324-41E2-8524-4C07503CA4F7}
	EndGlobalSection
EndGlobal
